
Microsoft Visual Studio Solution File, Format Version 12.00
# Visual Studio 15
VisualStudioVersion = 15.0.26403.7
MinimumVisualStudioVersion = 10.0.40219.1
Project("{FAE04EC0-301F-11D3-BF4B-00C04F79EFBC}") = "XFNaviPara", "XFNaviPara\XFNaviPara\XFNaviPara.csproj", "{338A9781-CA0B-414B-9235-D4634867F2C2}"
EndProject
Project("{FAE04EC0-301F-11D3-BF4B-00C04F79EFBC}") = "XFNaviPara.Droid", "XFNaviPara\XFNaviPara.Droid\XFNaviPara.Droid.csproj", "{7604E7E8-408B-4C85-838F-C692C1778DBF}"
EndProject
Project("{FAE04EC0-301F-11D3-BF4B-00C04F79EFBC}") = "XFNaviPara.iOS", "XFNaviPara\XFNaviPara.iOS\XFNaviPara.iOS.csproj", "{734B9C40-696D-41B2-A1D8-BE0A6289DE54}"
EndProject
Project("{FAE04EC0-301F-11D3-BF4B-00C04F79EFBC}") = "XFNaviPara.UWP", "XFNaviPara\XFNaviPara.UWP\XFNaviPara.UWP.csproj", "{7E5E5F39-F566-427A-B940-F4E2E3DFA288}"
EndProject
Global
	GlobalSection(SolutionConfigurationPlatforms) = preSolution
		Ad-Hoc|Any CPU = Ad-Hoc|Any CPU
		Ad-Hoc|ARM = Ad-Hoc|ARM
		Ad-Hoc|iPhone = Ad-Hoc|iPhone
		Ad-Hoc|iPhoneSimulator = Ad-Hoc|iPhoneSimulator
		Ad-Hoc|x64 = Ad-Hoc|x64
		Ad-Hoc|x86 = Ad-Hoc|x86
		AppStore|Any CPU = AppStore|Any CPU
		AppStore|ARM = AppStore|ARM
		AppStore|iPhone = AppStore|iPhone
		AppStore|iPhoneSimulator = AppStore|iPhoneSimulator
		AppStore|x64 = AppStore|x64
		AppStore|x86 = AppStore|x86
		Debug|Any CPU = Debug|Any CPU
		Debug|ARM = Debug|ARM
		Debug|iPhone = Debug|iPhone
		Debug|iPhoneSimulator = Debug|iPhoneSimulator
		Debug|x64 = Debug|x64
		Debug|x86 = Debug|x86
		Release|Any CPU = Release|Any CPU
		Release|ARM = Release|ARM
		Release|iPhone = Release|iPhone
		Release|iPhoneSimulator = Release|iPhoneSimulator
		Release|x64 = Release|x64
		Release|x86 = Release|x86
	EndGlobalSection
	GlobalSection(ProjectConfigurationPlatforms) = postSolution
		{338A9781-CA0B-414B-9235-D4634867F2C2}.Ad-Hoc|Any CPU.ActiveCfg = Release|Any CPU
		{338A9781-CA0B-414B-9235-D4634867F2C2}.Ad-Hoc|Any CPU.Build.0 = Release|Any CPU
		{338A9781-CA0B-414B-9235-D4634867F2C2}.Ad-Hoc|ARM.ActiveCfg = Release|Any CPU
		{338A9781-CA0B-414B-9235-D4634867F2C2}.Ad-Hoc|ARM.Build.0 = Release|Any CPU
		{338A9781-CA0B-414B-9235-D4634867F2C2}.Ad-Hoc|iPhone.ActiveCfg = Release|Any CPU
		{338A9781-CA0B-414B-9235-D4634867F2C2}.Ad-Hoc|iPhone.Build.0 = Release|Any CPU
		{338A9781-CA0B-414B-9235-D4634867F2C2}.Ad-Hoc|iPhoneSimulator.ActiveCfg = Release|Any CPU
		{338A9781-CA0B-414B-9235-D4634867F2C2}.Ad-Hoc|iPhoneSimulator.Build.0 = Release|Any CPU
		{338A9781-CA0B-414B-9235-D4634867F2C2}.Ad-Hoc|x64.ActiveCfg = Release|Any CPU
		{338A9781-CA0B-414B-9235-D4634867F2C2}.Ad-Hoc|x64.Build.0 = Release|Any CPU
		{338A9781-CA0B-414B-9235-D4634867F2C2}.Ad-Hoc|x86.ActiveCfg = Release|Any CPU
		{338A9781-CA0B-414B-9235-D4634867F2C2}.Ad-Hoc|x86.Build.0 = Release|Any CPU
		{338A9781-CA0B-414B-9235-D4634867F2C2}.AppStore|Any CPU.ActiveCfg = Release|Any CPU
		{338A9781-CA0B-414B-9235-D4634867F2C2}.AppStore|Any CPU.Build.0 = Release|Any CPU
		{338A9781-CA0B-414B-9235-D4634867F2C2}.AppStore|ARM.ActiveCfg = Release|Any CPU
		{338A9781-CA0B-414B-9235-D4634867F2C2}.AppStore|ARM.Build.0 = Release|Any CPU
		{338A9781-CA0B-414B-9235-D4634867F2C2}.AppStore|iPhone.ActiveCfg = Release|Any CPU
		{338A9781-CA0B-414B-9235-D4634867F2C2}.AppStore|iPhone.Build.0 = Release|Any CPU
		{338A9781-CA0B-414B-9235-D4634867F2C2}.AppStore|iPhoneSimulator.ActiveCfg = Release|Any CPU
		{338A9781-CA0B-414B-9235-D4634867F2C2}.AppStore|iPhoneSimulator.Build.0 = Release|Any CPU
		{338A9781-CA0B-414B-9235-D4634867F2C2}.AppStore|x64.ActiveCfg = Release|Any CPU
		{338A9781-CA0B-414B-9235-D4634867F2C2}.AppStore|x64.Build.0 = Release|Any CPU
		{338A9781-CA0B-414B-9235-D4634867F2C2}.AppStore|x86.ActiveCfg = Release|Any CPU
		{338A9781-CA0B-414B-9235-D4634867F2C2}.AppStore|x86.Build.0 = Release|Any CPU
		{338A9781-CA0B-414B-9235-D4634867F2C2}.Debug|Any CPU.ActiveCfg = Debug|Any CPU
		{338A9781-CA0B-414B-9235-D4634867F2C2}.Debug|Any CPU.Build.0 = Debug|Any CPU
		{338A9781-CA0B-414B-9235-D4634867F2C2}.Debug|ARM.ActiveCfg = Debug|Any CPU
		{338A9781-CA0B-414B-9235-D4634867F2C2}.Debug|ARM.Build.0 = Debug|Any CPU
		{338A9781-CA0B-414B-9235-D4634867F2C2}.Debug|iPhone.ActiveCfg = Debug|Any CPU
		{338A9781-CA0B-414B-9235-D4634867F2C2}.Debug|iPhone.Build.0 = Debug|Any CPU
		{338A9781-CA0B-414B-9235-D4634867F2C2}.Debug|iPhoneSimulator.ActiveCfg = Debug|Any CPU
		{338A9781-CA0B-414B-9235-D4634867F2C2}.Debug|iPhoneSimulator.Build.0 = Debug|Any CPU
		{338A9781-CA0B-414B-9235-D4634867F2C2}.Debug|x64.ActiveCfg = Debug|Any CPU
		{338A9781-CA0B-414B-9235-D4634867F2C2}.Debug|x64.Build.0 = Debug|Any CPU
		{338A9781-CA0B-414B-9235-D4634867F2C2}.Debug|x86.ActiveCfg = Debug|Any CPU
		{338A9781-CA0B-414B-9235-D4634867F2C2}.Debug|x86.Build.0 = Debug|Any CPU
		{338A9781-CA0B-414B-9235-D4634867F2C2}.Release|Any CPU.ActiveCfg = Release|Any CPU
		{338A9781-CA0B-414B-9235-D4634867F2C2}.Release|Any CPU.Build.0 = Release|Any CPU
		{338A9781-CA0B-414B-9235-D4634867F2C2}.Release|ARM.ActiveCfg = Release|Any CPU
		{338A9781-CA0B-414B-9235-D4634867F2C2}.Release|ARM.Build.0 = Release|Any CPU
		{338A9781-CA0B-414B-9235-D4634867F2C2}.Release|iPhone.ActiveCfg = Release|Any CPU
		{338A9781-CA0B-414B-9235-D4634867F2C2}.Release|iPhone.Build.0 = Release|Any CPU
		{338A9781-CA0B-414B-9235-D4634867F2C2}.Release|iPhoneSimulator.ActiveCfg = Release|Any CPU
		{338A9781-CA0B-414B-9235-D4634867F2C2}.Release|iPhoneSimulator.Build.0 = Release|Any CPU
		{338A9781-CA0B-414B-9235-D4634867F2C2}.Release|x64.ActiveCfg = Release|Any CPU
		{338A9781-CA0B-414B-9235-D4634867F2C2}.Release|x64.Build.0 = Release|Any CPU
		{338A9781-CA0B-414B-9235-D4634867F2C2}.Release|x86.ActiveCfg = Release|Any CPU
		{338A9781-CA0B-414B-9235-D4634867F2C2}.Release|x86.Build.0 = Release|Any CPU
		{7604E7E8-408B-4C85-838F-C692C1778DBF}.Ad-Hoc|Any CPU.ActiveCfg = Release|Any CPU
		{7604E7E8-408B-4C85-838F-C692C1778DBF}.Ad-Hoc|Any CPU.Build.0 = Release|Any CPU
		{7604E7E8-408B-4C85-838F-C692C1778DBF}.Ad-Hoc|Any CPU.Deploy.0 = Release|Any CPU
		{7604E7E8-408B-4C85-838F-C692C1778DBF}.Ad-Hoc|ARM.ActiveCfg = Release|Any CPU
		{7604E7E8-408B-4C85-838F-C692C1778DBF}.Ad-Hoc|ARM.Build.0 = Release|Any CPU
		{7604E7E8-408B-4C85-838F-C692C1778DBF}.Ad-Hoc|ARM.Deploy.0 = Release|Any CPU
		{7604E7E8-408B-4C85-838F-C692C1778DBF}.Ad-Hoc|iPhone.ActiveCfg = Release|Any CPU
		{7604E7E8-408B-4C85-838F-C692C1778DBF}.Ad-Hoc|iPhone.Build.0 = Release|Any CPU
		{7604E7E8-408B-4C85-838F-C692C1778DBF}.Ad-Hoc|iPhone.Deploy.0 = Release|Any CPU
		{7604E7E8-408B-4C85-838F-C692C1778DBF}.Ad-Hoc|iPhoneSimulator.ActiveCfg = Release|Any CPU
		{7604E7E8-408B-4C85-838F-C692C1778DBF}.Ad-Hoc|iPhoneSimulator.Build.0 = Release|Any CPU
		{7604E7E8-408B-4C85-838F-C692C1778DBF}.Ad-Hoc|iPhoneSimulator.Deploy.0 = Release|Any CPU
		{7604E7E8-408B-4C85-838F-C692C1778DBF}.Ad-Hoc|x64.ActiveCfg = Release|Any CPU
		{7604E7E8-408B-4C85-838F-C692C1778DBF}.Ad-Hoc|x64.Build.0 = Release|Any CPU
		{7604E7E8-408B-4C85-838F-C692C1778DBF}.Ad-Hoc|x64.Deploy.0 = Release|Any CPU
		{7604E7E8-408B-4C85-838F-C692C1778DBF}.Ad-Hoc|x86.ActiveCfg = Release|Any CPU
		{7604E7E8-408B-4C85-838F-C692C1778DBF}.Ad-Hoc|x86.Build.0 = Release|Any CPU
		{7604E7E8-408B-4C85-838F-C692C1778DBF}.Ad-Hoc|x86.Deploy.0 = Release|Any CPU
		{7604E7E8-408B-4C85-838F-C692C1778DBF}.AppStore|Any CPU.ActiveCfg = Release|Any CPU
		{7604E7E8-408B-4C85-838F-C692C1778DBF}.AppStore|Any CPU.Build.0 = Release|Any CPU
		{7604E7E8-408B-4C85-838F-C692C1778DBF}.AppStore|Any CPU.Deploy.0 = Release|Any CPU
		{7604E7E8-408B-4C85-838F-C692C1778DBF}.AppStore|ARM.ActiveCfg = Release|Any CPU
		{7604E7E8-408B-4C85-838F-C692C1778DBF}.AppStore|ARM.Build.0 = Release|Any CPU
		{7604E7E8-408B-4C85-838F-C692C1778DBF}.AppStore|ARM.Deploy.0 = Release|Any CPU
		{7604E7E8-408B-4C85-838F-C692C1778DBF}.AppStore|iPhone.ActiveCfg = Release|Any CPU
		{7604E7E8-408B-4C85-838F-C692C1778DBF}.AppStore|iPhone.Build.0 = Release|Any CPU
		{7604E7E8-408B-4C85-838F-C692C1778DBF}.AppStore|iPhone.Deploy.0 = Release|Any CPU
		{7604E7E8-408B-4C85-838F-C692C1778DBF}.AppStore|iPhoneSimulator.ActiveCfg = Release|Any CPU
		{7604E7E8-408B-4C85-838F-C692C1778DBF}.AppStore|iPhoneSimulator.Build.0 = Release|Any CPU
		{7604E7E8-408B-4C85-838F-C692C1778DBF}.AppStore|iPhoneSimulator.Deploy.0 = Release|Any CPU
		{7604E7E8-408B-4C85-838F-C692C1778DBF}.AppStore|x64.ActiveCfg = Release|Any CPU
		{7604E7E8-408B-4C85-838F-C692C1778DBF}.AppStore|x64.Build.0 = Release|Any CPU
		{7604E7E8-408B-4C85-838F-C692C1778DBF}.AppStore|x64.Deploy.0 = Release|Any CPU
		{7604E7E8-408B-4C85-838F-C692C1778DBF}.AppStore|x86.ActiveCfg = Release|Any CPU
		{7604E7E8-408B-4C85-838F-C692C1778DBF}.AppStore|x86.Build.0 = Release|Any CPU
		{7604E7E8-408B-4C85-838F-C692C1778DBF}.AppStore|x86.Deploy.0 = Release|Any CPU
		{7604E7E8-408B-4C85-838F-C692C1778DBF}.Debug|Any CPU.ActiveCfg = Debug|Any CPU
		{7604E7E8-408B-4C85-838F-C692C1778DBF}.Debug|Any CPU.Build.0 = Debug|Any CPU
		{7604E7E8-408B-4C85-838F-C692C1778DBF}.Debug|Any CPU.Deploy.0 = Debug|Any CPU
		{7604E7E8-408B-4C85-838F-C692C1778DBF}.Debug|ARM.ActiveCfg = Debug|Any CPU
		{7604E7E8-408B-4C85-838F-C692C1778DBF}.Debug|ARM.Build.0 = Debug|Any CPU
		{7604E7E8-408B-4C85-838F-C692C1778DBF}.Debug|ARM.Deploy.0 = Debug|Any CPU
		{7604E7E8-408B-4C85-838F-C692C1778DBF}.Debug|iPhone.ActiveCfg = Debug|Any CPU
		{7604E7E8-408B-4C85-838F-C692C1778DBF}.Debug|iPhone.Build.0 = Debug|Any CPU
		{7604E7E8-408B-4C85-838F-C692C1778DBF}.Debug|iPhone.Deploy.0 = Debug|Any CPU
		{7604E7E8-408B-4C85-838F-C692C1778DBF}.Debug|iPhoneSimulator.ActiveCfg = Debug|Any CPU
		{7604E7E8-408B-4C85-838F-C692C1778DBF}.Debug|iPhoneSimulator.Build.0 = Debug|Any CPU
		{7604E7E8-408B-4C85-838F-C692C1778DBF}.Debug|iPhoneSimulator.Deploy.0 = Debug|Any CPU
		{7604E7E8-408B-4C85-838F-C692C1778DBF}.Debug|x64.ActiveCfg = Debug|Any CPU
		{7604E7E8-408B-4C85-838F-C692C1778DBF}.Debug|x64.Build.0 = Debug|Any CPU
		{7604E7E8-408B-4C85-838F-C692C1778DBF}.Debug|x64.Deploy.0 = Debug|Any CPU
		{7604E7E8-408B-4C85-838F-C692C1778DBF}.Debug|x86.ActiveCfg = Debug|Any CPU
		{7604E7E8-408B-4C85-838F-C692C1778DBF}.Debug|x86.Build.0 = Debug|Any CPU
		{7604E7E8-408B-4C85-838F-C692C1778DBF}.Debug|x86.Deploy.0 = Debug|Any CPU
		{7604E7E8-408B-4C85-838F-C692C1778DBF}.Release|Any CPU.ActiveCfg = Release|Any CPU
		{7604E7E8-408B-4C85-838F-C692C1778DBF}.Release|Any CPU.Build.0 = Release|Any CPU
		{7604E7E8-408B-4C85-838F-C692C1778DBF}.Release|Any CPU.Deploy.0 = Release|Any CPU
		{7604E7E8-408B-4C85-838F-C692C1778DBF}.Release|ARM.ActiveCfg = Release|Any CPU
		{7604E7E8-408B-4C85-838F-C692C1778DBF}.Release|ARM.Build.0 = Release|Any CPU
		{7604E7E8-408B-4C85-838F-C692C1778DBF}.Release|ARM.Deploy.0 = Release|Any CPU
		{7604E7E8-408B-4C85-838F-C692C1778DBF}.Release|iPhone.ActiveCfg = Release|Any CPU
		{7604E7E8-408B-4C85-838F-C692C1778DBF}.Release|iPhone.Build.0 = Release|Any CPU
		{7604E7E8-408B-4C85-838F-C692C1778DBF}.Release|iPhone.Deploy.0 = Release|Any CPU
		{7604E7E8-408B-4C85-838F-C692C1778DBF}.Release|iPhoneSimulator.ActiveCfg = Release|Any CPU
		{7604E7E8-408B-4C85-838F-C692C1778DBF}.Release|iPhoneSimulator.Build.0 = Release|Any CPU
		{7604E7E8-408B-4C85-838F-C692C1778DBF}.Release|iPhoneSimulator.Deploy.0 = Release|Any CPU
		{7604E7E8-408B-4C85-838F-C692C1778DBF}.Release|x64.ActiveCfg = Release|Any CPU
		{7604E7E8-408B-4C85-838F-C692C1778DBF}.Release|x64.Build.0 = Release|Any CPU
		{7604E7E8-408B-4C85-838F-C692C1778DBF}.Release|x64.Deploy.0 = Release|Any CPU
		{7604E7E8-408B-4C85-838F-C692C1778DBF}.Release|x86.ActiveCfg = Release|Any CPU
		{7604E7E8-408B-4C85-838F-C692C1778DBF}.Release|x86.Build.0 = Release|Any CPU
		{7604E7E8-408B-4C85-838F-C692C1778DBF}.Release|x86.Deploy.0 = Release|Any CPU
		{734B9C40-696D-41B2-A1D8-BE0A6289DE54}.Ad-Hoc|Any CPU.ActiveCfg = Ad-Hoc|iPhone
		{734B9C40-696D-41B2-A1D8-BE0A6289DE54}.Ad-Hoc|ARM.ActiveCfg = Ad-Hoc|iPhone
		{734B9C40-696D-41B2-A1D8-BE0A6289DE54}.Ad-Hoc|iPhone.ActiveCfg = Ad-Hoc|iPhone
		{734B9C40-696D-41B2-A1D8-BE0A6289DE54}.Ad-Hoc|iPhone.Build.0 = Ad-Hoc|iPhone
		{734B9C40-696D-41B2-A1D8-BE0A6289DE54}.Ad-Hoc|iPhoneSimulator.ActiveCfg = Ad-Hoc|iPhoneSimulator
		{734B9C40-696D-41B2-A1D8-BE0A6289DE54}.Ad-Hoc|iPhoneSimulator.Build.0 = Ad-Hoc|iPhoneSimulator
		{734B9C40-696D-41B2-A1D8-BE0A6289DE54}.Ad-Hoc|x64.ActiveCfg = Ad-Hoc|iPhone
		{734B9C40-696D-41B2-A1D8-BE0A6289DE54}.Ad-Hoc|x86.ActiveCfg = Ad-Hoc|iPhone
		{734B9C40-696D-41B2-A1D8-BE0A6289DE54}.AppStore|Any CPU.ActiveCfg = AppStore|iPhone
		{734B9C40-696D-41B2-A1D8-BE0A6289DE54}.AppStore|ARM.ActiveCfg = AppStore|iPhone
		{734B9C40-696D-41B2-A1D8-BE0A6289DE54}.AppStore|iPhone.ActiveCfg = AppStore|iPhone
		{734B9C40-696D-41B2-A1D8-BE0A6289DE54}.AppStore|iPhone.Build.0 = AppStore|iPhone
		{734B9C40-696D-41B2-A1D8-BE0A6289DE54}.AppStore|iPhoneSimulator.ActiveCfg = AppStore|iPhoneSimulator
		{734B9C40-696D-41B2-A1D8-BE0A6289DE54}.AppStore|iPhoneSimulator.Build.0 = AppStore|iPhoneSimulator
		{734B9C40-696D-41B2-A1D8-BE0A6289DE54}.AppStore|x64.ActiveCfg = AppStore|iPhone
		{734B9C40-696D-41B2-A1D8-BE0A6289DE54}.AppStore|x86.ActiveCfg = AppStore|iPhone
		{734B9C40-696D-41B2-A1D8-BE0A6289DE54}.Debug|Any CPU.ActiveCfg = Debug|iPhone
		{734B9C40-696D-41B2-A1D8-BE0A6289DE54}.Debug|ARM.ActiveCfg = Debug|iPhone
		{734B9C40-696D-41B2-A1D8-BE0A6289DE54}.Debug|iPhone.ActiveCfg = Debug|iPhone
		{734B9C40-696D-41B2-A1D8-BE0A6289DE54}.Debug|iPhone.Build.0 = Debug|iPhone
		{734B9C40-696D-41B2-A1D8-BE0A6289DE54}.Debug|iPhoneSimulator.ActiveCfg = Debug|iPhoneSimulator
		{734B9C40-696D-41B2-A1D8-BE0A6289DE54}.Debug|iPhoneSimulator.Build.0 = Debug|iPhoneSimulator
		{734B9C40-696D-41B2-A1D8-BE0A6289DE54}.Debug|x64.ActiveCfg = Debug|iPhone
		{734B9C40-696D-41B2-A1D8-BE0A6289DE54}.Debug|x86.ActiveCfg = Debug|iPhone
		{734B9C40-696D-41B2-A1D8-BE0A6289DE54}.Release|Any CPU.ActiveCfg = Release|iPhone
		{734B9C40-696D-41B2-A1D8-BE0A6289DE54}.Release|ARM.ActiveCfg = Release|iPhone
		{734B9C40-696D-41B2-A1D8-BE0A6289DE54}.Release|iPhone.ActiveCfg = Release|iPhone
		{734B9C40-696D-41B2-A1D8-BE0A6289DE54}.Release|iPhone.Build.0 = Release|iPhone
		{734B9C40-696D-41B2-A1D8-BE0A6289DE54}.Release|iPhoneSimulator.ActiveCfg = Release|iPhoneSimulator
		{734B9C40-696D-41B2-A1D8-BE0A6289DE54}.Release|iPhoneSimulator.Build.0 = Release|iPhoneSimulator
		{734B9C40-696D-41B2-A1D8-BE0A6289DE54}.Release|x64.ActiveCfg = Release|iPhone
		{734B9C40-696D-41B2-A1D8-BE0A6289DE54}.Release|x86.ActiveCfg = Release|iPhone
		{7E5E5F39-F566-427A-B940-F4E2E3DFA288}.Ad-Hoc|Any CPU.ActiveCfg = Release|x86
		{7E5E5F39-F566-427A-B940-F4E2E3DFA288}.Ad-Hoc|Any CPU.Build.0 = Release|x86
		{7E5E5F39-F566-427A-B940-F4E2E3DFA288}.Ad-Hoc|Any CPU.Deploy.0 = Release|x86
		{7E5E5F39-F566-427A-B940-F4E2E3DFA288}.Ad-Hoc|ARM.ActiveCfg = Release|ARM
		{7E5E5F39-F566-427A-B940-F4E2E3DFA288}.Ad-Hoc|ARM.Build.0 = Release|ARM
		{7E5E5F39-F566-427A-B940-F4E2E3DFA288}.Ad-Hoc|ARM.Deploy.0 = Release|ARM
		{7E5E5F39-F566-427A-B940-F4E2E3DFA288}.Ad-Hoc|iPhone.ActiveCfg = Release|x86
		{7E5E5F39-F566-427A-B940-F4E2E3DFA288}.Ad-Hoc|iPhone.Build.0 = Release|x86
		{7E5E5F39-F566-427A-B940-F4E2E3DFA288}.Ad-Hoc|iPhone.Deploy.0 = Release|x86
		{7E5E5F39-F566-427A-B940-F4E2E3DFA288}.Ad-Hoc|iPhoneSimulator.ActiveCfg = Release|x86
		{7E5E5F39-F566-427A-B940-F4E2E3DFA288}.Ad-Hoc|iPhoneSimulator.Build.0 = Release|x86
		{7E5E5F39-F566-427A-B940-F4E2E3DFA288}.Ad-Hoc|iPhoneSimulator.Deploy.0 = Release|x86
		{7E5E5F39-F566-427A-B940-F4E2E3DFA288}.Ad-Hoc|x64.ActiveCfg = Release|x64
		{7E5E5F39-F566-427A-B940-F4E2E3DFA288}.Ad-Hoc|x64.Build.0 = Release|x64
		{7E5E5F39-F566-427A-B940-F4E2E3DFA288}.Ad-Hoc|x64.Deploy.0 = Release|x64
		{7E5E5F39-F566-427A-B940-F4E2E3DFA288}.Ad-Hoc|x86.ActiveCfg = Release|x86
		{7E5E5F39-F566-427A-B940-F4E2E3DFA288}.Ad-Hoc|x86.Build.0 = Release|x86
		{7E5E5F39-F566-427A-B940-F4E2E3DFA288}.Ad-Hoc|x86.Deploy.0 = Release|x86
		{7E5E5F39-F566-427A-B940-F4E2E3DFA288}.AppStore|Any CPU.ActiveCfg = Release|x86
		{7E5E5F39-F566-427A-B940-F4E2E3DFA288}.AppStore|Any CPU.Build.0 = Release|x86
		{7E5E5F39-F566-427A-B940-F4E2E3DFA288}.AppStore|Any CPU.Deploy.0 = Release|x86
		{7E5E5F39-F566-427A-B940-F4E2E3DFA288}.AppStore|ARM.ActiveCfg = Release|ARM
		{7E5E5F39-F566-427A-B940-F4E2E3DFA288}.AppStore|ARM.Build.0 = Release|ARM
		{7E5E5F39-F566-427A-B940-F4E2E3DFA288}.AppStore|ARM.Deploy.0 = Release|ARM
		{7E5E5F39-F566-427A-B940-F4E2E3DFA288}.AppStore|iPhone.ActiveCfg = Release|x86
		{7E5E5F39-F566-427A-B940-F4E2E3DFA288}.AppStore|iPhone.Build.0 = Release|x86
		{7E5E5F39-F566-427A-B940-F4E2E3DFA288}.AppStore|iPhone.Deploy.0 = Release|x86
		{7E5E5F39-F566-427A-B940-F4E2E3DFA288}.AppStore|iPhoneSimulator.ActiveCfg = Release|x86
		{7E5E5F39-F566-427A-B940-F4E2E3DFA288}.AppStore|iPhoneSimulator.Build.0 = Release|x86
		{7E5E5F39-F566-427A-B940-F4E2E3DFA288}.AppStore|iPhoneSimulator.Deploy.0 = Release|x86
		{7E5E5F39-F566-427A-B940-F4E2E3DFA288}.AppStore|x64.ActiveCfg = Release|x64
		{7E5E5F39-F566-427A-B940-F4E2E3DFA288}.AppStore|x64.Build.0 = Release|x64
		{7E5E5F39-F566-427A-B940-F4E2E3DFA288}.AppStore|x64.Deploy.0 = Release|x64
		{7E5E5F39-F566-427A-B940-F4E2E3DFA288}.AppStore|x86.ActiveCfg = Release|x86
		{7E5E5F39-F566-427A-B940-F4E2E3DFA288}.AppStore|x86.Build.0 = Release|x86
		{7E5E5F39-F566-427A-B940-F4E2E3DFA288}.AppStore|x86.Deploy.0 = Release|x86
		{7E5E5F39-F566-427A-B940-F4E2E3DFA288}.Debug|Any CPU.ActiveCfg = Debug|x86
		{7E5E5F39-F566-427A-B940-F4E2E3DFA288}.Debug|ARM.ActiveCfg = Debug|ARM
		{7E5E5F39-F566-427A-B940-F4E2E3DFA288}.Debug|ARM.Build.0 = Debug|ARM
		{7E5E5F39-F566-427A-B940-F4E2E3DFA288}.Debug|ARM.Deploy.0 = Debug|ARM
		{7E5E5F39-F566-427A-B940-F4E2E3DFA288}.Debug|iPhone.ActiveCfg = Debug|x86
		{7E5E5F39-F566-427A-B940-F4E2E3DFA288}.Debug|iPhoneSimulator.ActiveCfg = Debug|x86
		{7E5E5F39-F566-427A-B940-F4E2E3DFA288}.Debug|x64.ActiveCfg = Debug|x64
		{7E5E5F39-F566-427A-B940-F4E2E3DFA288}.Debug|x64.Build.0 = Debug|x64
		{7E5E5F39-F566-427A-B940-F4E2E3DFA288}.Debug|x64.Deploy.0 = Debug|x64
		{7E5E5F39-F566-427A-B940-F4E2E3DFA288}.Debug|x86.ActiveCfg = Debug|x86
		{7E5E5F39-F566-427A-B940-F4E2E3DFA288}.Debug|x86.Build.0 = Debug|x86
		{7E5E5F39-F566-427A-B940-F4E2E3DFA288}.Debug|x86.Deploy.0 = Debug|x86
		{7E5E5F39-F566-427A-B940-F4E2E3DFA288}.Release|Any CPU.ActiveCfg = Release|x86
		{7E5E5F39-F566-427A-B940-F4E2E3DFA288}.Release|ARM.ActiveCfg = Release|ARM
		{7E5E5F39-F566-427A-B940-F4E2E3DFA288}.Release|ARM.Build.0 = Release|ARM
		{7E5E5F39-F566-427A-B940-F4E2E3DFA288}.Release|ARM.Deploy.0 = Release|ARM
		{7E5E5F39-F566-427A-B940-F4E2E3DFA288}.Release|iPhone.ActiveCfg = Release|x86
		{7E5E5F39-F566-427A-B940-F4E2E3DFA288}.Release|iPhoneSimulator.ActiveCfg = Release|x86
		{7E5E5F39-F566-427A-B940-F4E2E3DFA288}.Release|x64.ActiveCfg = Release|x64
		{7E5E5F39-F566-427A-B940-F4E2E3DFA288}.Release|x64.Build.0 = Release|x64
		{7E5E5F39-F566-427A-B940-F4E2E3DFA288}.Release|x64.Deploy.0 = Release|x64
		{7E5E5F39-F566-427A-B940-F4E2E3DFA288}.Release|x86.ActiveCfg = Release|x86
		{7E5E5F39-F566-427A-B940-F4E2E3DFA288}.Release|x86.Build.0 = Release|x86
		{7E5E5F39-F566-427A-B940-F4E2E3DFA288}.Release|x86.Deploy.0 = Release|x86
	EndGlobalSection
	GlobalSection(SolutionProperties) = preSolution
		HideSolutionNode = FALSE
	EndGlobalSection
EndGlobal
